
Microsoft Visual Studio Solution File, Format Version 12.00
# Visual Studio Version 17
VisualStudioVersion = 17.2.32616.157
MinimumVisualStudioVersion = 10.0.40219.1
Project("{9A19103F-16F7-4668-BE54-9A1E7A4F7556}") = "ExemploController", "ExemploController.csproj", "{AE4646E9-561E-4449-93F5-D51545DB1F3F}"
EndProject
Global
	GlobalSection(SolutionConfigurationPlatforms) = preSolution
		Debug|Any CPU = Debug|Any CPU
		Release|Any CPU = Release|Any CPU
	EndGlobalSection
	GlobalSection(ProjectConfigurationPlatforms) = postSolution
		{AE4646E9-561E-4449-93F5-D51545DB1F3F}.Debug|Any CPU.ActiveCfg = Debug|Any CPU
		{AE4646E9-561E-4449-93F5-D51545DB1F3F}.Debug|Any CPU.Build.0 = Debug|Any CPU
		{AE4646E9-561E-4449-93F5-D51545DB1F3F}.Release|Any CPU.ActiveCfg = Release|Any CPU
		{AE4646E9-561E-4449-93F5-D51545DB1F3F}.Release|Any CPU.Build.0 = Release|Any CPU
	EndGlobalSection
	GlobalSection(SolutionProperties) = preSolution
		HideSolutionNode = FALSE
	EndGlobalSection
	GlobalSection(ExtensibilityGlobals) = postSolution
		SolutionGuid = {68B64C33-9181-405A-B954-53869F17EB35}
	EndGlobalSection
EndGlobal
