
Microsoft Visual Studio Solution File, Format Version 12.00
# Visual Studio Version 17
VisualStudioVersion = 17.2.32616.157
MinimumVisualStudioVersion = 10.0.40219.1
Project("{00D1A9C2-B5F0-4AF3-8072-F6C62B433612}") = "Moongy.Biblioteca.Database", "Moongy.Biblioteca.Database\Moongy.Biblioteca.Database.sqlproj", "{C0D80F7C-7022-4D29-BC30-7F456816128C}"
EndProject
Global
	GlobalSection(SolutionConfigurationPlatforms) = preSolution
		Debug|Any CPU = Debug|Any CPU
		Release|Any CPU = Release|Any CPU
	EndGlobalSection
	GlobalSection(ProjectConfigurationPlatforms) = postSolution
		{C0D80F7C-7022-4D29-BC30-7F456816128C}.Debug|Any CPU.ActiveCfg = Debug|Any CPU
		{C0D80F7C-7022-4D29-BC30-7F456816128C}.Debug|Any CPU.Build.0 = Debug|Any CPU
		{C0D80F7C-7022-4D29-BC30-7F456816128C}.Debug|Any CPU.Deploy.0 = Debug|Any CPU
		{C0D80F7C-7022-4D29-BC30-7F456816128C}.Release|Any CPU.ActiveCfg = Release|Any CPU
		{C0D80F7C-7022-4D29-BC30-7F456816128C}.Release|Any CPU.Build.0 = Release|Any CPU
		{C0D80F7C-7022-4D29-BC30-7F456816128C}.Release|Any CPU.Deploy.0 = Release|Any CPU
	EndGlobalSection
	GlobalSection(SolutionProperties) = preSolution
		HideSolutionNode = FALSE
	EndGlobalSection
	GlobalSection(ExtensibilityGlobals) = postSolution
		SolutionGuid = {69DDF46C-782F-4EA0-B181-E47F3D4A48CE}
	EndGlobalSection
EndGlobal
