
Microsoft Visual Studio Solution File, Format Version 12.00
# Visual Studio Version 17
VisualStudioVersion = 17.2.32616.157
MinimumVisualStudioVersion = 10.0.40219.1
Project("{FAE04EC0-301F-11D3-BF4B-00C04F79EFBC}") = "ExemploRazorComponents", "ExemploRazorComponents\ExemploRazorComponents.csproj", "{E3EB3006-1D02-4F18-BAB1-3ABEB43EBC9E}"
EndProject
Project("{FAE04EC0-301F-11D3-BF4B-00C04F79EFBC}") = "Modelo", "Modelo\Modelo.csproj", "{9EAC4D42-3CF4-4F53-A179-5A8C57A15C59}"
EndProject
Global
	GlobalSection(SolutionConfigurationPlatforms) = preSolution
		Debug|Any CPU = Debug|Any CPU
		Release|Any CPU = Release|Any CPU
	EndGlobalSection
	GlobalSection(ProjectConfigurationPlatforms) = postSolution
		{E3EB3006-1D02-4F18-BAB1-3ABEB43EBC9E}.Debug|Any CPU.ActiveCfg = Debug|Any CPU
		{E3EB3006-1D02-4F18-BAB1-3ABEB43EBC9E}.Debug|Any CPU.Build.0 = Debug|Any CPU
		{E3EB3006-1D02-4F18-BAB1-3ABEB43EBC9E}.Release|Any CPU.ActiveCfg = Release|Any CPU
		{E3EB3006-1D02-4F18-BAB1-3ABEB43EBC9E}.Release|Any CPU.Build.0 = Release|Any CPU
		{9EAC4D42-3CF4-4F53-A179-5A8C57A15C59}.Debug|Any CPU.ActiveCfg = Debug|Any CPU
		{9EAC4D42-3CF4-4F53-A179-5A8C57A15C59}.Debug|Any CPU.Build.0 = Debug|Any CPU
		{9EAC4D42-3CF4-4F53-A179-5A8C57A15C59}.Release|Any CPU.ActiveCfg = Release|Any CPU
		{9EAC4D42-3CF4-4F53-A179-5A8C57A15C59}.Release|Any CPU.Build.0 = Release|Any CPU
	EndGlobalSection
	GlobalSection(SolutionProperties) = preSolution
		HideSolutionNode = FALSE
	EndGlobalSection
	GlobalSection(ExtensibilityGlobals) = postSolution
		SolutionGuid = {D0C1749B-B897-4ED7-9920-15023FA6DB4D}
	EndGlobalSection
EndGlobal
