
Microsoft Visual Studio Solution File, Format Version 12.00
# Visual Studio Version 17
VisualStudioVersion = 17.2.32616.157
MinimumVisualStudioVersion = 10.0.40219.1
Project("{FAE04EC0-301F-11D3-BF4B-00C04F79EFBC}") = "MeuSite", "MeuSite\MeuSite.csproj", "{BED2914D-C2D1-4C3A-8AF1-F69FB94017DF}"
EndProject
Project("{FAE04EC0-301F-11D3-BF4B-00C04F79EFBC}") = "MeuSite.LogicaNegocio", "MeuSite.LogicaNegocio\MeuSite.LogicaNegocio.csproj", "{6ADFE184-5FC5-49D2-8DD8-D6D53371453F}"
EndProject
Global
	GlobalSection(SolutionConfigurationPlatforms) = preSolution
		Debug|Any CPU = Debug|Any CPU
		Release|Any CPU = Release|Any CPU
	EndGlobalSection
	GlobalSection(ProjectConfigurationPlatforms) = postSolution
		{BED2914D-C2D1-4C3A-8AF1-F69FB94017DF}.Debug|Any CPU.ActiveCfg = Debug|Any CPU
		{BED2914D-C2D1-4C3A-8AF1-F69FB94017DF}.Debug|Any CPU.Build.0 = Debug|Any CPU
		{BED2914D-C2D1-4C3A-8AF1-F69FB94017DF}.Release|Any CPU.ActiveCfg = Release|Any CPU
		{BED2914D-C2D1-4C3A-8AF1-F69FB94017DF}.Release|Any CPU.Build.0 = Release|Any CPU
		{6ADFE184-5FC5-49D2-8DD8-D6D53371453F}.Debug|Any CPU.ActiveCfg = Debug|Any CPU
		{6ADFE184-5FC5-49D2-8DD8-D6D53371453F}.Debug|Any CPU.Build.0 = Debug|Any CPU
		{6ADFE184-5FC5-49D2-8DD8-D6D53371453F}.Release|Any CPU.ActiveCfg = Release|Any CPU
		{6ADFE184-5FC5-49D2-8DD8-D6D53371453F}.Release|Any CPU.Build.0 = Release|Any CPU
	EndGlobalSection
	GlobalSection(SolutionProperties) = preSolution
		HideSolutionNode = FALSE
	EndGlobalSection
	GlobalSection(ExtensibilityGlobals) = postSolution
		SolutionGuid = {02C5DFB4-9522-4B18-ADCB-E08651262BDE}
	EndGlobalSection
EndGlobal
