
Microsoft Visual Studio Solution File, Format Version 12.00
# Visual Studio Version 17
VisualStudioVersion = 17.2.32616.157
MinimumVisualStudioVersion = 10.0.40219.1
Project("{9A19103F-16F7-4668-BE54-9A1E7A4F7556}") = "MVC01", "MVC01.csproj", "{D188E3C3-179B-4FB5-80D4-79D713FB2105}"
EndProject
Global
	GlobalSection(SolutionConfigurationPlatforms) = preSolution
		Debug|Any CPU = Debug|Any CPU
		Release|Any CPU = Release|Any CPU
	EndGlobalSection
	GlobalSection(ProjectConfigurationPlatforms) = postSolution
		{D188E3C3-179B-4FB5-80D4-79D713FB2105}.Debug|Any CPU.ActiveCfg = Debug|Any CPU
		{D188E3C3-179B-4FB5-80D4-79D713FB2105}.Debug|Any CPU.Build.0 = Debug|Any CPU
		{D188E3C3-179B-4FB5-80D4-79D713FB2105}.Release|Any CPU.ActiveCfg = Release|Any CPU
		{D188E3C3-179B-4FB5-80D4-79D713FB2105}.Release|Any CPU.Build.0 = Release|Any CPU
	EndGlobalSection
	GlobalSection(SolutionProperties) = preSolution
		HideSolutionNode = FALSE
	EndGlobalSection
	GlobalSection(ExtensibilityGlobals) = postSolution
		SolutionGuid = {8F6EEF4F-7F10-436E-A954-D63F03A92952}
	EndGlobalSection
EndGlobal
