
Microsoft Visual Studio Solution File, Format Version 12.00
# Visual Studio Version 17
VisualStudioVersion = 17.2.32616.157
MinimumVisualStudioVersion = 10.0.40219.1
Project("{9A19103F-16F7-4668-BE54-9A1E7A4F7556}") = "WebAPIEX01", "WebAPIEX01.csproj", "{B1D77D9B-ABCC-469E-A2E2-466CAEC6C682}"
EndProject
Global
	GlobalSection(SolutionConfigurationPlatforms) = preSolution
		Debug|Any CPU = Debug|Any CPU
		Release|Any CPU = Release|Any CPU
	EndGlobalSection
	GlobalSection(ProjectConfigurationPlatforms) = postSolution
		{B1D77D9B-ABCC-469E-A2E2-466CAEC6C682}.Debug|Any CPU.ActiveCfg = Debug|Any CPU
		{B1D77D9B-ABCC-469E-A2E2-466CAEC6C682}.Debug|Any CPU.Build.0 = Debug|Any CPU
		{B1D77D9B-ABCC-469E-A2E2-466CAEC6C682}.Release|Any CPU.ActiveCfg = Release|Any CPU
		{B1D77D9B-ABCC-469E-A2E2-466CAEC6C682}.Release|Any CPU.Build.0 = Release|Any CPU
	EndGlobalSection
	GlobalSection(SolutionProperties) = preSolution
		HideSolutionNode = FALSE
	EndGlobalSection
	GlobalSection(ExtensibilityGlobals) = postSolution
		SolutionGuid = {F7887524-6C65-4ED5-BCDD-2212B5237F99}
	EndGlobalSection
EndGlobal
